
Microsoft Visual Studio Solution File, Format Version 12.00
# Visual Studio Version 16
VisualStudioVersion = 16.0.30711.63
MinimumVisualStudioVersion = 10.0.40219.1
Project("{FAE04EC0-301F-11D3-BF4B-00C04F79EFBC}") = "Opgave2", "Opgave2\Opgave2.csproj", "{D505CC1A-248F-4B38-A9F7-79C997EA1858}"
EndProject
Global
	GlobalSection(SolutionConfigurationPlatforms) = preSolution
		Debug|Any CPU = Debug|Any CPU
		Release|Any CPU = Release|Any CPU
	EndGlobalSection
	GlobalSection(ProjectConfigurationPlatforms) = postSolution
		{D505CC1A-248F-4B38-A9F7-79C997EA1858}.Debug|Any CPU.ActiveCfg = Debug|Any CPU
		{D505CC1A-248F-4B38-A9F7-79C997EA1858}.Debug|Any CPU.Build.0 = Debug|Any CPU
		{D505CC1A-248F-4B38-A9F7-79C997EA1858}.Release|Any CPU.ActiveCfg = Release|Any CPU
		{D505CC1A-248F-4B38-A9F7-79C997EA1858}.Release|Any CPU.Build.0 = Release|Any CPU
	EndGlobalSection
	GlobalSection(SolutionProperties) = preSolution
		HideSolutionNode = FALSE
	EndGlobalSection
	GlobalSection(ExtensibilityGlobals) = postSolution
		SolutionGuid = {E0370587-D92E-4173-B410-4253970CEA4F}
	EndGlobalSection
EndGlobal
